# THIS IS AN AUTOGENERATED FILE. DO NOT EDIT THIS FILE DIRECTLY.
# yarn lockfile v1


axios@0.9.1:
  version "0.9.1"
  resolved "https://registry.yarnpkg.com/axios/-/axios-0.9.1.tgz#95608b16447ee29b033589854c3fc7ee2c06bf6e"
  dependencies:
    follow-redirects "0.0.7"

babel-plugin-syntax-object-rest-spread@^6.8.0:
  version "6.13.0"
  resolved "https://registry.yarnpkg.com/babel-plugin-syntax-object-rest-spread/-/babel-plugin-syntax-object-rest-spread-6.13.0.tgz#fd6536f2bce13836ffa3a5458c4903a597bb3bf5"

babel-plugin-transform-object-rest-spread@^6.23.0:
  version "6.23.0"
  resolved "https://registry.yarnpkg.com/babel-plugin-transform-object-rest-spread/-/babel-plugin-transform-object-rest-spread-6.23.0.tgz#875d6bc9be761c58a2ae3feee5dc4895d8c7f921"
  dependencies:
    babel-plugin-syntax-object-rest-spread "^6.8.0"
    babel-runtime "^6.22.0"

babel-runtime@^6.22.0:
  version "6.23.0"
  resolved "https://registry.yarnpkg.com/babel-runtime/-/babel-runtime-6.23.0.tgz#0a9489f144de70efb3ce4300accdb329e2fc543b"
  dependencies:
    core-js "^2.4.0"
    regenerator-runtime "^0.10.0"

buttercms@^1.0.17:
  version "1.0.17"
  resolved "https://registry.yarnpkg.com/buttercms/-/buttercms-1.0.17.tgz#60b8506f5ea7568b55c9370e008a4473d4ab7781"
  dependencies:
    axios "0.9.1"

core-js@^2.4.0:
  version "2.4.1"
  resolved "https://registry.yarnpkg.com/core-js/-/core-js-2.4.1.tgz#4de911e667b0eae9124e34254b53aea6fc618d3e"

debug@^2.2.0:
  version "2.6.8"
  resolved "https://registry.yarnpkg.com/debug/-/debug-2.6.8.tgz#e731531ca2ede27d188222427da17821d68ff4fc"
  dependencies:
    ms "2.0.0"

follow-redirects@0.0.7:
  version "0.0.7"
  resolved "https://registry.yarnpkg.com/follow-redirects/-/follow-redirects-0.0.7.tgz#34b90bab2a911aa347571da90f22bd36ecd8a919"
  dependencies:
    debug "^2.2.0"
    stream-consume "^0.1.0"

ms@2.0.0:
  version "2.0.0"
  resolved "https://registry.yarnpkg.com/ms/-/ms-2.0.0.tgz#5608aeadfc00be6c2901df5f9861788de0d597c8"

regenerator-runtime@^0.10.0:
  version "0.10.5"
  resolved "https://registry.yarnpkg.com/regenerator-runtime/-/regenerator-runtime-0.10.5.tgz#336c3efc1220adcedda2c9fab67b5a7955a33658"

stream-consume@^0.1.0:
  version "0.1.0"
  resolved "https://registry.yarnpkg.com/stream-consume/-/stream-consume-0.1.0.tgz#a41ead1a6d6081ceb79f65b061901b6d8f3d1d0f"
