# THIS IS AN AUTOGENERATED FILE. DO NOT EDIT THIS FILE DIRECTLY.
# yarn lockfile v1


axios@0.9.1:
  version "0.9.1"
  resolved "https://registry.yarnpkg.com/axios/-/axios-0.9.1.tgz#95608b16447ee29b033589854c3fc7ee2c06bf6e"
  dependencies:
    follow-redirects "0.0.7"

buttercms@^1.0.17:
  version "1.0.17"
  resolved "https://registry.yarnpkg.com/buttercms/-/buttercms-1.0.17.tgz#60b8506f5ea7568b55c9370e008a4473d4ab7781"
  dependencies:
    axios "0.9.1"

debug@^2.2.0:
  version "2.6.8"
  resolved "https://registry.yarnpkg.com/debug/-/debug-2.6.8.tgz#e731531ca2ede27d188222427da17821d68ff4fc"
  dependencies:
    ms "2.0.0"

follow-redirects@0.0.7:
  version "0.0.7"
  resolved "https://registry.yarnpkg.com/follow-redirects/-/follow-redirects-0.0.7.tgz#34b90bab2a911aa347571da90f22bd36ecd8a919"
  dependencies:
    debug "^2.2.0"
    stream-consume "^0.1.0"

ms@2.0.0:
  version "2.0.0"
  resolved "https://registry.yarnpkg.com/ms/-/ms-2.0.0.tgz#5608aeadfc00be6c2901df5f9861788de0d597c8"

stream-consume@^0.1.0:
  version "0.1.0"
  resolved "https://registry.yarnpkg.com/stream-consume/-/stream-consume-0.1.0.tgz#a41ead1a6d6081ceb79f65b061901b6d8f3d1d0f"
